// !$*UTF8*$!
{
	archiveVersion = 1;
	classes = {
	};
	objectVersion = 46;
	objects = {

/* Begin PBXBuildFile section */
		DDA98AB41B0BB7CC00F905CA /* AppDelegate.swift in Sources */ = {isa = PBXBuildFile; fileRef = DDA98AB31B0BB7CC00F905CA /* AppDelegate.swift */; };
		DDA98AB61B0BB7CC00F905CA /* ViewController.swift in Sources */ = {isa = PBXBuildFile; fileRef = DDA98AB51B0BB7CC00F905CA /* ViewController.swift */; };
		DDA98AB91B0BB7CC00F905CA /* Main.storyboard in Resources */ = {isa = PBXBuildFile; fileRef = DDA98AB71B0BB7CC00F905CA /* Main.storyboard */; };
		DDA98ABB1B0BB7CC00F905CA /* Images.xcassets in Resources */ = {isa = PBXBuildFile; fileRef = DDA98ABA1B0BB7CC00F905CA /* Images.xcassets */; };
		DDA98ABE1B0BB7CC00F905CA /* LaunchScreen.xib in Resources */ = {isa = PBXBuildFile; fileRef = DDA98ABC1B0BB7CC00F905CA /* LaunchScreen.xib */; };
		DDA98ACA1B0BB7CC00F905CA /* CalculatorTests.swift in Sources */ = {isa = PBXBuildFile; fileRef = DDA98AC91B0BB7CC00F905CA /* CalculatorTests.swift */; };
/* End PBXBuildFile section */

/* Begin PBXContainerItemProxy section */
		DDA98AC41B0BB7CC00F905CA /* PBXContainerItemProxy */ = {
			isa = PBXContainerItemProxy;
			containerPortal = DDA98AA61B0BB7CB00F905CA /* Project object */;
			proxyType = 1;
			remoteGlobalIDString = DDA98AAD1B0BB7CB00F905CA;
			remoteInfo = Calculator;
		};
/* End PBXContainerItemProxy section */

/* Begin PBXFileReference section */
		DDA98AAE1B0BB7CC00F905CA /* Calculator.app */ = {isa = PBXFileReference; explicitFileType = wrapper.application; includeInIndex = 0; path = Calculator.app; sourceTree = BUILT_PRODUCTS_DIR; };
		DDA98AB21B0BB7CC00F905CA /* Info.plist */ = {isa = PBXFileReference; lastKnownFileType = text.plist.xml; path = Info.plist; sourceTree = "<group>"; };
		DDA98AB31B0BB7CC00F905CA /* AppDelegate.swift */ = {isa = PBXFileReference; lastKnownFileType = sourcecode.swift; path = AppDelegate.swift; sourceTree = "<group>"; };
		DDA98AB51B0BB7CC00F905CA /* ViewController.swift */ = {isa = PBXFileReference; lastKnownFileType = sourcecode.swift; path = ViewController.swift; sourceTree = "<group>"; };
		DDA98AB81B0BB7CC00F905CA /* Base */ = {isa = PBXFileReference; lastKnownFileType = file.storyboard; name = Base; path = Base.lproj/Main.storyboard; sourceTree = "<group>"; };
		DDA98ABA1B0BB7CC00F905CA /* Images.xcassets */ = {isa = PBXFileReference; lastKnownFileType = folder.assetcatalog; path = Images.xcassets; sourceTree = "<group>"; };
		DDA98ABD1B0BB7CC00F905CA /* Base */ = {isa = PBXFileReference; lastKnownFileType = file.xib; name = Base; path = Base.lproj/LaunchScreen.xib; sourceTree = "<group>"; };
		DDA98AC31B0BB7CC00F905CA /* CalculatorTests.xctest */ = {isa = PBXFileReference; explicitFileType = wrapper.cfbundle; includeInIndex = 0; path = CalculatorTests.xctest; sourceTree = BUILT_PRODUCTS_DIR; };
		DDA98AC81B0BB7CC00F905CA /* Info.plist */ = {isa = PBXFileReference; lastKnownFileType = text.plist.xml; path = Info.plist; sourceTree = "<group>"; };
		DDA98AC91B0BB7CC00F905CA /* CalculatorTests.swift */ = {isa = PBXFileReference; lastKnownFileType = sourcecode.swift; path = CalculatorTests.swift; sourceTree = "<group>"; };
/* End PBXFileReference section */

/* Begin PBXFrameworksBuildPhase section */
		DDA98AAB1B0BB7CB00F905CA /* Frameworks */ = {
			isa = PBXFrameworksBuildPhase;
			buildActionMask = 2147483647;
			files = (
			);
			runOnlyForDeploymentPostprocessing = 0;
		};
		DDA98AC01B0BB7CC00F905CA /* Frameworks */ = {
			isa = PBXFrameworksBuildPhase;
			buildActionMask = 2147483647;
			files = (
			);
			runOnlyForDeploymentPostprocessing = 0;
		};
/* End PBXFrameworksBuildPhase section */

/* Begin PBXGroup section */
		DDA98AA51B0BB7CB00F905CA = {
			isa = PBXGroup;
			children = (
				DDA98AB01B0BB7CC00F905CA /* Calculator */,
				DDA98AC61B0BB7CC00F905CA /* CalculatorTests */,
				DDA98AAF1B0BB7CC00F905CA /* Products */,
			);
			sourceTree = "<group>";
		};
		DDA98AAF1B0BB7CC00F905CA /* Products */ = {
			isa = PBXGroup;
			children = (
				DDA98AAE1B0BB7CC00F905CA /* Calculator.app */,
				DDA98AC31B0BB7CC00F905CA /* CalculatorTests.xctest */,
			);
			name = Products;
			sourceTree = "<group>";
		};
		DDA98AB01B0BB7CC00F905CA /* Calculator */ = {
			isa = PBXGroup;
			children = (
				DDA98AB31B0BB7CC00F905CA /* AppDelegate.swift */,
				DDA98AB51B0BB7CC00F905CA /* ViewController.swift */,
				DDA98AB71B0BB7CC00F905CA /* Main.storyboard */,
				DDA98ABA1B0BB7CC00F905CA /* Images.xcassets */,
				DDA98ABC1B0BB7CC00F905CA /* LaunchScreen.xib */,
				DDA98AB11B0BB7CC00F905CA /* Supporting Files */,
			);
			path = Calculator;
			sourceTree = "<group>";
		};
		DDA98AB11B0BB7CC00F905CA /* Supporting Files */ = {
			isa = PBXGroup;
			children = (
				DDA98AB21B0BB7CC00F905CA /* Info.plist */,
			);
			name = "Supporting Files";
			sourceTree = "<group>";
		};
		DDA98AC61B0BB7CC00F905CA /* CalculatorTests */ = {
			isa = PBXGroup;
			children = (
				DDA98AC91B0BB7CC00F905CA /* CalculatorTests.swift */,
				DDA98AC71B0BB7CC00F905CA /* Supporting Files */,
			);
			path = CalculatorTests;
			sourceTree = "<group>";
		};
		DDA98AC71B0BB7CC00F905CA /* Supporting Files */ = {
			isa = PBXGroup;
			children = (
				DDA98AC81B0BB7CC00F905CA /* Info.plist */,
			);
			name = "Supporting Files";
			sourceTree = "<group>";
		};
/* End PBXGroup section */

/* Begin PBXNativeTarget section */
		DDA98AAD1B0BB7CB00F905CA /* Calculator */ = {
			isa = PBXNativeTarget;
			buildConfigurationList = DDA98ACD1B0BB7CC00F905CA /* Build configuration list for PBXNativeTarget "Calculator" */;
			buildPhases = (
				DDA98AAA1B0BB7CB00F905CA /* Sources */,
				DDA98AAB1B0BB7CB00F905CA /* Frameworks */,
				DDA98AAC1B0BB7CB00F905CA /* Resources */,
			);
			buildRules = (
			);
			dependencies = (
			);
			name = Calculator;
			productName = Calculator;
			productReference = DDA98AAE1B0BB7CC00F905CA /* Calculator.app */;
			productType = "com.apple.product-type.application";
		};
		DDA98AC21B0BB7CC00F905CA /* CalculatorTests */ = {
			isa = PBXNativeTarget;
			buildConfigurationList = DDA98AD01B0BB7CC00F905CA /* Build configuration list for PBXNativeTarget "CalculatorTests" */;
			buildPhases = (
				DDA98ABF1B0BB7CC00F905CA /* Sources */,
				DDA98AC01B0BB7CC00F905CA /* Frameworks */,
				DDA98AC11B0BB7CC00F905CA /* Resources */,
			);
			buildRules = (
			);
			dependencies = (
				DDA98AC51B0BB7CC00F905CA /* PBXTargetDependency */,
			);
			name = CalculatorTests;
			productName = CalculatorTests;
			productReference = DDA98AC31B0BB7CC00F905CA /* CalculatorTests.xctest */;
			productType = "com.apple.product-type.bundle.unit-test";
		};
/* End PBXNativeTarget section */

/* Begin PBXProject section */
		DDA98AA61B0BB7CB00F905CA /* Project object */ = {
			isa = PBXProject;
			attributes = {
				LastUpgradeCheck = 0630;
				ORGANIZATIONNAME = "Christian Sangle";
				TargetAttributes = {
					DDA98AAD1B0BB7CB00F905CA = {
						CreatedOnToolsVersion = 6.3.1;
					};
					DDA98AC21B0BB7CC00F905CA = {
						CreatedOnToolsVersion = 6.3.1;
						TestTargetID = DDA98AAD1B0BB7CB00F905CA;
					};
				};
			};
			buildConfigurationList = DDA98AA91B0BB7CB00F905CA /* Build configuration list for PBXProject "Calculator" */;
			compatibilityVersion = "Xcode 3.2";
			developmentRegion = English;
			hasScannedForEncodings = 0;
			knownRegions = (
				en,
				Base,
			);
			mainGroup = DDA98AA51B0BB7CB00F905CA;
			productRefGroup = DDA98AAF1B0BB7CC00F905CA /* Products */;
			projectDirPath = "";
			projectRoot = "";
			targets = (
				DDA98AAD1B0BB7CB00F905CA /* Calculator */,
				DDA98AC21B0BB7CC00F905CA /* CalculatorTests */,
			);
		};
/* End PBXProject section */

/* Begin PBXResourcesBuildPhase section */
		DDA98AAC1B0BB7CB00F905CA /* Resources */ = {
			isa = PBXResourcesBuildPhase;
			buildActionMask = 2147483647;
			files = (
				DDA98AB91B0BB7CC00F905CA /* Main.storyboard in Resources */,
				DDA98ABE1B0BB7CC00F905CA /* LaunchScreen.xib in Resources */,
				DDA98ABB1B0BB7CC00F905CA /* Images.xcassets in Resources */,
			);
			runOnlyForDeploymentPostprocessing = 0;
		};
		DDA98AC11B0BB7CC00F905CA /* Resources */ = {
			isa = PBXResourcesBuildPhase;
			buildActionMask = 2147483647;
			files = (
			);
			runOnlyForDeploymentPostprocessing = 0;
		};
/* End PBXResourcesBuildPhase section */

/* Begin PBXSourcesBuildPhase section */
		DDA98AAA1B0BB7CB00F905CA /* Sources */ = {
			isa = PBXSourcesBuildPhase;
			buildActionMask = 2147483647;
			files = (
				DDA98AB61B0BB7CC00F905CA /* ViewController.swift in Sources */,
				DDA98AB41B0BB7CC00F905CA /* AppDelegate.swift in Sources */,
			);
			runOnlyForDeploymentPostprocessing = 0;
		};
		DDA98ABF1B0BB7CC00F905CA /* Sources */ = {
			isa = PBXSourcesBuildPhase;
			buildActionMask = 2147483647;
			files = (
				DDA98ACA1B0BB7CC00F905CA /* CalculatorTests.swift in Sources */,
			);
			runOnlyForDeploymentPostprocessing = 0;
		};
/* End PBXSourcesBuildPhase section */

/* Begin PBXTargetDependency section */
		DDA98AC51B0BB7CC00F905CA /* PBXTargetDependency */ = {
			isa = PBXTargetDependency;
			target = DDA98AAD1B0BB7CB00F905CA /* Calculator */;
			targetProxy = DDA98AC41B0BB7CC00F905CA /* PBXContainerItemProxy */;
		};
/* End PBXTargetDependency section */

/* Begin PBXVariantGroup section */
		DDA98AB71B0BB7CC00F905CA /* Main.storyboard */ = {
			isa = PBXVariantGroup;
			children = (
				DDA98AB81B0BB7CC00F905CA /* Base */,
			);
			name = Main.storyboard;
			sourceTree = "<group>";
		};
		DDA98ABC1B0BB7CC00F905CA /* LaunchScreen.xib */ = {
			isa = PBXVariantGroup;
			children = (
				DDA98ABD1B0BB7CC00F905CA /* Base */,
			);
			name = LaunchScreen.xib;
			sourceTree = "<group>";
		};
/* End PBXVariantGroup section */

/* Begin XCBuildConfiguration section */
		DDA98ACB1B0BB7CC00F905CA /* Debug */ = {
			isa = XCBuildConfiguration;
			buildSettings = {
				ALWAYS_SEARCH_USER_PATHS = NO;
				CLANG_CXX_LANGUAGE_STANDARD = "gnu++0x";
				CLANG_CXX_LIBRARY = "libc++";
				CLANG_ENABLE_MODULES = YES;
				CLANG_ENABLE_OBJC_ARC = YES;
				CLANG_WARN_BOOL_CONVERSION = YES;
				CLANG_WARN_CONSTANT_CONVERSION = YES;
				CLANG_WARN_DIRECT_OBJC_ISA_USAGE = YES_ERROR;
				CLANG_WARN_EMPTY_BODY = YES;
				CLANG_WARN_ENUM_CONVERSION = YES;
				CLANG_WARN_INT_CONVERSION = YES;
				CLANG_WARN_OBJC_ROOT_CLASS = YES_ERROR;
				CLANG_WARN_UNREACHABLE_CODE = YES;
				CLANG_WARN__DUPLICATE_METHOD_MATCH = YES;
				"CODE_SIGN_IDENTITY[sdk=iphoneos*]" = "iPhone Developer";
				COPY_PHASE_STRIP = NO;
				DEBUG_INFORMATION_FORMAT = "dwarf-with-dsym";
				ENABLE_STRICT_OBJC_MSGSEND = YES;
				GCC_C_LANGUAGE_STANDARD = gnu99;
				GCC_DYNAMIC_NO_PIC = NO;
				GCC_NO_COMMON_BLOCKS = YES;
				GCC_OPTIMIZATION_LEVEL = 0;
				GCC_PREPROCESSOR_DEFINITIONS = (
					"DEBUG=1",
					"$(inherited)",
				);
				GCC_SYMBOLS_PRIVATE_EXTERN = NO;
				GCC_WARN_64_TO_32_BIT_CONVERSION = YES;
				GCC_WARN_ABOUT_RETURN_TYPE = YES_ERROR;
				GCC_WARN_UNDECLARED_SELECTOR = YES;
				GCC_WARN_UNINITIALIZED_AUTOS = YES_AGGRESSIVE;
				GCC_WARN_UNUSED_FUNCTION = YES;
				GCC_WARN_UNUSED_VARIABLE = YES;
				IPHONEOS_DEPLOYMENT_TARGET = 8.3;
				MTL_ENABLE_DEBUG_INFO = YES;
				ONLY_ACTIVE_ARCH = YES;
				SDKROOT = iphoneos;
				SWIFT_OPTIMIZATION_LEVEL = "-Onone";
				TARGETED_DEVICE_FAMILY = "1,2";
			};
			name = Debug;
		};
		DDA98ACC1B0BB7CC00F905CA /* Release */ = {
			isa = XCBuildConfiguration;
			buildSettings = {
				ALWAYS_SEARCH_USER_PATHS = NO;
				CLANG_CXX_LANGUAGE_STANDARD = "gnu++0x";
				CLANG_CXX_LIBRARY = "libc++";
				CLANG_ENABLE_MODULES = YES;
				CLANG_ENABLE_OBJC_ARC = YES;
				CLANG_WARN_BOOL_CONVERSION = YES;
				CLANG_WARN_CONSTANT_CONVERSION = YES;
				CLANG_WARN_DIRECT_OBJC_ISA_USAGE = YES_ERROR;
				CLANG_WARN_EMPTY_BODY = YES;
				CLANG_WARN_ENUM_CONVERSION = YES;
				CLANG_WARN_INT_CONVERSION = YES;
				CLANG_WARN_OBJC_ROOT_CLASS = YES_ERROR;
				CLANG_WARN_UNREACHABLE_CODE = YES;
				CLANG_WARN__DUPLICATE_METHOD_MATCH = YES;
				"CODE_SIGN_IDENTITY[sdk=iphoneos*]" = "iPhone Developer";
				COPY_PHASE_STRIP = NO;
				DEBUG_INFORMATION_FORMAT = "dwarf-with-dsym";
				ENABLE_NS_ASSERTIONS = NO;
				ENABLE_STRICT_OBJC_MSGSEND = YES;
				GCC_C_LANGUAGE_STANDARD = gnu99;
				GCC_NO_COMMON_BLOCKS = YES;
				GCC_WARN_64_TO_32_BIT_CONVERSION = YES;
				GCC_WARN_ABOUT_RETURN_TYPE = YES_ERROR;
				GCC_WARN_UNDECLARED_SELECTOR = YES;
				GCC_WARN_UNINITIALIZED_AUTOS = YES_AGGRESSIVE;
				GCC_WARN_UNUSED_FUNCTION = YES;
				GCC_WARN_UNUSED_VARIABLE = YES;
				IPHONEOS_DEPLOYMENT_TARGET = 8.3;
				MTL_ENABLE_DEBUG_INFO = NO;
				SDKROOT = iphoneos;
				TARGETED_DEVICE_FAMILY = "1,2";
				VALIDATE_PRODUCT = YES;
			};
			name = Release;
		};
		DDA98ACE1B0BB7CC00F905CA /* Debug */ = {
			isa = XCBuildConfiguration;
			buildSettings = {
				ASSETCATALOG_COMPILER_APPICON_NAME = AppIcon;
				INFOPLIST_FILE = Calculator/Info.plist;
				LD_RUNPATH_SEARCH_PATHS = "$(inherited) @executable_path/Frameworks";
				PRODUCT_NAME = "$(TARGET_NAME)";
			};
			name = Debug;
		};
		DDA98ACF1B0BB7CC00F905CA /* Release */ = {
			isa = XCBuildConfiguration;
			buildSettings = {
				ASSETCATALOG_COMPILER_APPICON_NAME = AppIcon;
				INFOPLIST_FILE = Calculator/Info.plist;
				LD_RUNPATH_SEARCH_PATHS = "$(inherited) @executable_path/Frameworks";
				PRODUCT_NAME = "$(TARGET_NAME)";
			};
			name = Release;
		};
		DDA98AD11B0BB7CC00F905CA /* Debug */ = {
			isa = XCBuildConfiguration;
			buildSettings = {
				BUNDLE_LOADER = "$(TEST_HOST)";
				FRAMEWORK_SEARCH_PATHS = (
					"$(SDKROOT)/Developer/Library/Frameworks",
					"$(inherited)",
				);
				GCC_PREPROCESSOR_DEFINITIONS = (
					"DEBUG=1",
					"$(inherited)",
				);
				INFOPLIST_FILE = CalculatorTests/Info.plist;
				LD_RUNPATH_SEARCH_PATHS = "$(inherited) @executable_path/Frameworks @loader_path/Frameworks";
				PRODUCT_NAME = "$(TARGET_NAME)";
				TEST_HOST = "$(BUILT_PRODUCTS_DIR)/Calculator.app/Calculator";
			};
			name = Debug;
		};
		DDA98AD21B0BB7CC00F905CA /* Release */ = {
			isa = XCBuildConfiguration;
			buildSettings = {
				BUNDLE_LOADER = "$(TEST_HOST)";
				FRAMEWORK_SEARCH_PATHS = (
					"$(SDKROOT)/Developer/Library/Frameworks",
					"$(inherited)",
				);
				INFOPLIST_FILE = CalculatorTests/Info.plist;
				LD_RUNPATH_SEARCH_PATHS = "$(inherited) @executable_path/Frameworks @loader_path/Frameworks";
				PRODUCT_NAME = "$(TARGET_NAME)";
				TEST_HOST = "$(BUILT_PRODUCTS_DIR)/Calculator.app/Calculator";
			};
			name = Release;
		};
/* End XCBuildConfiguration section */

/* Begin XCConfigurationList section */
		DDA98AA91B0BB7CB00F905CA /* Build configuration list for PBXProject "Calculator" */ = {
			isa = XCConfigurationList;
			buildConfigurations = (
				DDA98ACB1B0BB7CC00F905CA /* Debug */,
				DDA98ACC1B0BB7CC00F905CA /* Release */,
			);
			defaultConfigurationIsVisible = 0;
			defaultConfigurationName = Release;
		};
		DDA98ACD1B0BB7CC00F905CA /* Build configuration list for PBXNativeTarget "Calculator" */ = {
			isa = XCConfigurationList;
			buildConfigurations = (
				DDA98ACE1B0BB7CC00F905CA /* Debug */,
				DDA98ACF1B0BB7CC00F905CA /* Release */,
			);
			defaultConfigurationIsVisible = 0;
		};
		DDA98AD01B0BB7CC00F905CA /* Build configuration list for PBXNativeTarget "CalculatorTests" */ = {
			isa = XCConfigurationList;
			buildConfigurations = (
				DDA98AD11B0BB7CC00F905CA /* Debug */,
				DDA98AD21B0BB7CC00F905CA /* Release */,
			);
			defaultConfigurationIsVisible = 0;
		};
/* End XCConfigurationList section */
	};
	rootObject = DDA98AA61B0BB7CB00F905CA /* Project object */;
}
